
Microsoft Visual Studio Solution File, Format Version 12.00
# Visual Studio Version 17
VisualStudioVersion = 17.5.33414.496
MinimumVisualStudioVersion = 10.0.40219.1
Project("{9A19103F-16F7-4668-BE54-9A1E7A4F7556}") = "hotchocolate-error-handling", "hotchocolate-error-handling.csproj", "{1D27FBDC-6110-4D2A-ABEF-D857C0541E4F}"
EndProject
Global
	GlobalSection(SolutionConfigurationPlatforms) = preSolution
		Debug|Any CPU = Debug|Any CPU
		Release|Any CPU = Release|Any CPU
	EndGlobalSection
	GlobalSection(ProjectConfigurationPlatforms) = postSolution
		{1D27FBDC-6110-4D2A-ABEF-D857C0541E4F}.Debug|Any CPU.ActiveCfg = Debug|Any CPU
		{1D27FBDC-6110-4D2A-ABEF-D857C0541E4F}.Debug|Any CPU.Build.0 = Debug|Any CPU
		{1D27FBDC-6110-4D2A-ABEF-D857C0541E4F}.Release|Any CPU.ActiveCfg = Release|Any CPU
		{1D27FBDC-6110-4D2A-ABEF-D857C0541E4F}.Release|Any CPU.Build.0 = Release|Any CPU
	EndGlobalSection
	GlobalSection(SolutionProperties) = preSolution
		HideSolutionNode = FALSE
	EndGlobalSection
	GlobalSection(ExtensibilityGlobals) = postSolution
		SolutionGuid = {4E3F2AD7-93BF-4E90-A1C4-F9877BBED43D}
	EndGlobalSection
EndGlobal
